// !$*UTF8*$!
{
	archiveVersion = 1;
	classes = {
	};
	objectVersion = 46;
	objects = {

/* Begin PBXBuildFile section */
		40A194F71B71E0E1008D6AB7 /* main.m in Sources */ = {isa = PBXBuildFile; fileRef = 40A194F61B71E0E1008D6AB7 /* main.m */; };
		40A194FA1B71E0E1008D6AB7 /* AppDelegate.m in Sources */ = {isa = PBXBuildFile; fileRef = 40A194F91B71E0E1008D6AB7 /* AppDelegate.m */; };
		40A194FD1B71E0E1008D6AB7 /* ViewController.m in Sources */ = {isa = PBXBuildFile; fileRef = 40A194FC1B71E0E1008D6AB7 /* ViewController.m */; };
		40A195001B71E0E1008D6AB7 /* Main.storyboard in Resources */ = {isa = PBXBuildFile; fileRef = 40A194FE1B71E0E1008D6AB7 /* Main.storyboard */; };
		40A195021B71E0E1008D6AB7 /* Images.xcassets in Resources */ = {isa = PBXBuildFile; fileRef = 40A195011B71E0E1008D6AB7 /* Images.xcassets */; };
		40A195051B71E0E1008D6AB7 /* LaunchScreen.xib in Resources */ = {isa = PBXBuildFile; fileRef = 40A195031B71E0E1008D6AB7 /* LaunchScreen.xib */; };
		40A195111B71E0E2008D6AB7 /* ZHTCTests.m in Sources */ = {isa = PBXBuildFile; fileRef = 40A195101B71E0E2008D6AB7 /* ZHTCTests.m */; };
		40A1951C1B71FAE9008D6AB7 /* User.m in Sources */ = {isa = PBXBuildFile; fileRef = 40A1951B1B71FAE9008D6AB7 /* User.m */; };
/* End PBXBuildFile section */

/* Begin PBXContainerItemProxy section */
		40A1950B1B71E0E2008D6AB7 /* PBXContainerItemProxy */ = {
			isa = PBXContainerItemProxy;
			containerPortal = 40A194E91B71E0E1008D6AB7 /* Project object */;
			proxyType = 1;
			remoteGlobalIDString = 40A194F01B71E0E1008D6AB7;
			remoteInfo = ZHTC;
		};
/* End PBXContainerItemProxy section */

/* Begin PBXFileReference section */
		40A194F11B71E0E1008D6AB7 /* ZHTC.app */ = {isa = PBXFileReference; explicitFileType = wrapper.application; includeInIndex = 0; path = ZHTC.app; sourceTree = BUILT_PRODUCTS_DIR; };
		40A194F51B71E0E1008D6AB7 /* Info.plist */ = {isa = PBXFileReference; lastKnownFileType = text.plist.xml; path = Info.plist; sourceTree = "<group>"; };
		40A194F61B71E0E1008D6AB7 /* main.m */ = {isa = PBXFileReference; lastKnownFileType = sourcecode.c.objc; path = main.m; sourceTree = "<group>"; };
		40A194F81B71E0E1008D6AB7 /* AppDelegate.h */ = {isa = PBXFileReference; lastKnownFileType = sourcecode.c.h; path = AppDelegate.h; sourceTree = "<group>"; };
		40A194F91B71E0E1008D6AB7 /* AppDelegate.m */ = {isa = PBXFileReference; lastKnownFileType = sourcecode.c.objc; path = AppDelegate.m; sourceTree = "<group>"; };
		40A194FB1B71E0E1008D6AB7 /* ViewController.h */ = {isa = PBXFileReference; lastKnownFileType = sourcecode.c.h; path = ViewController.h; sourceTree = "<group>"; };
		40A194FC1B71E0E1008D6AB7 /* ViewController.m */ = {isa = PBXFileReference; lastKnownFileType = sourcecode.c.objc; path = ViewController.m; sourceTree = "<group>"; };
		40A194FF1B71E0E1008D6AB7 /* Base */ = {isa = PBXFileReference; lastKnownFileType = file.storyboard; name = Base; path = Base.lproj/Main.storyboard; sourceTree = "<group>"; };
		40A195011B71E0E1008D6AB7 /* Images.xcassets */ = {isa = PBXFileReference; lastKnownFileType = folder.assetcatalog; path = Images.xcassets; sourceTree = "<group>"; };
		40A195041B71E0E1008D6AB7 /* Base */ = {isa = PBXFileReference; lastKnownFileType = file.xib; name = Base; path = Base.lproj/LaunchScreen.xib; sourceTree = "<group>"; };
		40A1950A1B71E0E2008D6AB7 /* ZHTCTests.xctest */ = {isa = PBXFileReference; explicitFileType = wrapper.cfbundle; includeInIndex = 0; path = ZHTCTests.xctest; sourceTree = BUILT_PRODUCTS_DIR; };
		40A1950F1B71E0E2008D6AB7 /* Info.plist */ = {isa = PBXFileReference; lastKnownFileType = text.plist.xml; path = Info.plist; sourceTree = "<group>"; };
		40A195101B71E0E2008D6AB7 /* ZHTCTests.m */ = {isa = PBXFileReference; lastKnownFileType = sourcecode.c.objc; path = ZHTCTests.m; sourceTree = "<group>"; };
		40A1951A1B71FAE9008D6AB7 /* User.h */ = {isa = PBXFileReference; fileEncoding = 4; lastKnownFileType = sourcecode.c.h; path = User.h; sourceTree = "<group>"; };
		40A1951B1B71FAE9008D6AB7 /* User.m */ = {isa = PBXFileReference; fileEncoding = 4; lastKnownFileType = sourcecode.c.objc; path = User.m; sourceTree = "<group>"; };
/* End PBXFileReference section */

/* Begin PBXFrameworksBuildPhase section */
		40A194EE1B71E0E1008D6AB7 /* Frameworks */ = {
			isa = PBXFrameworksBuildPhase;
			buildActionMask = 2147483647;
			files = (
			);
			runOnlyForDeploymentPostprocessing = 0;
		};
		40A195071B71E0E2008D6AB7 /* Frameworks */ = {
			isa = PBXFrameworksBuildPhase;
			buildActionMask = 2147483647;
			files = (
			);
			runOnlyForDeploymentPostprocessing = 0;
		};
/* End PBXFrameworksBuildPhase section */

/* Begin PBXGroup section */
		40A194E81B71E0E1008D6AB7 = {
			isa = PBXGroup;
			children = (
				40A194F31B71E0E1008D6AB7 /* ZHTC */,
				40A1950D1B71E0E2008D6AB7 /* ZHTCTests */,
				40A194F21B71E0E1008D6AB7 /* Products */,
			);
			sourceTree = "<group>";
		};
		40A194F21B71E0E1008D6AB7 /* Products */ = {
			isa = PBXGroup;
			children = (
				40A194F11B71E0E1008D6AB7 /* ZHTC.app */,
				40A1950A1B71E0E2008D6AB7 /* ZHTCTests.xctest */,
			);
			name = Products;
			sourceTree = "<group>";
		};
		40A194F31B71E0E1008D6AB7 /* ZHTC */ = {
			isa = PBXGroup;
			children = (
				40A194F81B71E0E1008D6AB7 /* AppDelegate.h */,
				40A194F91B71E0E1008D6AB7 /* AppDelegate.m */,
				40A194FB1B71E0E1008D6AB7 /* ViewController.h */,
				40A194FC1B71E0E1008D6AB7 /* ViewController.m */,
				40A1951A1B71FAE9008D6AB7 /* User.h */,
				40A1951B1B71FAE9008D6AB7 /* User.m */,
				40A194FE1B71E0E1008D6AB7 /* Main.storyboard */,
				40A195011B71E0E1008D6AB7 /* Images.xcassets */,
				40A195031B71E0E1008D6AB7 /* LaunchScreen.xib */,
				40A194F41B71E0E1008D6AB7 /* Supporting Files */,
			);
			path = ZHTC;
			sourceTree = "<group>";
		};
		40A194F41B71E0E1008D6AB7 /* Supporting Files */ = {
			isa = PBXGroup;
			children = (
				40A194F51B71E0E1008D6AB7 /* Info.plist */,
				40A194F61B71E0E1008D6AB7 /* main.m */,
			);
			name = "Supporting Files";
			sourceTree = "<group>";
		};
		40A1950D1B71E0E2008D6AB7 /* ZHTCTests */ = {
			isa = PBXGroup;
			children = (
				40A195101B71E0E2008D6AB7 /* ZHTCTests.m */,
				40A1950E1B71E0E2008D6AB7 /* Supporting Files */,
			);
			path = ZHTCTests;
			sourceTree = "<group>";
		};
		40A1950E1B71E0E2008D6AB7 /* Supporting Files */ = {
			isa = PBXGroup;
			children = (
				40A1950F1B71E0E2008D6AB7 /* Info.plist */,
			);
			name = "Supporting Files";
			sourceTree = "<group>";
		};
/* End PBXGroup section */

/* Begin PBXNativeTarget section */
		40A194F01B71E0E1008D6AB7 /* ZHTC */ = {
			isa = PBXNativeTarget;
			buildConfigurationList = 40A195141B71E0E2008D6AB7 /* Build configuration list for PBXNativeTarget "ZHTC" */;
			buildPhases = (
				40A194ED1B71E0E1008D6AB7 /* Sources */,
				40A194EE1B71E0E1008D6AB7 /* Frameworks */,
				40A194EF1B71E0E1008D6AB7 /* Resources */,
			);
			buildRules = (
			);
			dependencies = (
			);
			name = ZHTC;
			productName = ZHTC;
			productReference = 40A194F11B71E0E1008D6AB7 /* ZHTC.app */;
			productType = "com.apple.product-type.application";
		};
		40A195091B71E0E2008D6AB7 /* ZHTCTests */ = {
			isa = PBXNativeTarget;
			buildConfigurationList = 40A195171B71E0E2008D6AB7 /* Build configuration list for PBXNativeTarget "ZHTCTests" */;
			buildPhases = (
				40A195061B71E0E2008D6AB7 /* Sources */,
				40A195071B71E0E2008D6AB7 /* Frameworks */,
				40A195081B71E0E2008D6AB7 /* Resources */,
			);
			buildRules = (
			);
			dependencies = (
				40A1950C1B71E0E2008D6AB7 /* PBXTargetDependency */,
			);
			name = ZHTCTests;
			productName = ZHTCTests;
			productReference = 40A1950A1B71E0E2008D6AB7 /* ZHTCTests.xctest */;
			productType = "com.apple.product-type.bundle.unit-test";
		};
/* End PBXNativeTarget section */

/* Begin PBXProject section */
		40A194E91B71E0E1008D6AB7 /* Project object */ = {
			isa = PBXProject;
			attributes = {
				LastUpgradeCheck = 0640;
				ORGANIZATIONNAME = "RWX－MAC";
				TargetAttributes = {
					40A194F01B71E0E1008D6AB7 = {
						CreatedOnToolsVersion = 6.4;
					};
					40A195091B71E0E2008D6AB7 = {
						CreatedOnToolsVersion = 6.4;
						TestTargetID = 40A194F01B71E0E1008D6AB7;
					};
				};
			};
			buildConfigurationList = 40A194EC1B71E0E1008D6AB7 /* Build configuration list for PBXProject "ZHTC" */;
			compatibilityVersion = "Xcode 3.2";
			developmentRegion = English;
			hasScannedForEncodings = 0;
			knownRegions = (
				en,
				Base,
			);
			mainGroup = 40A194E81B71E0E1008D6AB7;
			productRefGroup = 40A194F21B71E0E1008D6AB7 /* Products */;
			projectDirPath = "";
			projectRoot = "";
			targets = (
				40A194F01B71E0E1008D6AB7 /* ZHTC */,
				40A195091B71E0E2008D6AB7 /* ZHTCTests */,
			);
		};
/* End PBXProject section */

/* Begin PBXResourcesBuildPhase section */
		40A194EF1B71E0E1008D6AB7 /* Resources */ = {
			isa = PBXResourcesBuildPhase;
			buildActionMask = 2147483647;
			files = (
				40A195001B71E0E1008D6AB7 /* Main.storyboard in Resources */,
				40A195051B71E0E1008D6AB7 /* LaunchScreen.xib in Resources */,
				40A195021B71E0E1008D6AB7 /* Images.xcassets in Resources */,
			);
			runOnlyForDeploymentPostprocessing = 0;
		};
		40A195081B71E0E2008D6AB7 /* Resources */ = {
			isa = PBXResourcesBuildPhase;
			buildActionMask = 2147483647;
			files = (
			);
			runOnlyForDeploymentPostprocessing = 0;
		};
/* End PBXResourcesBuildPhase section */

/* Begin PBXSourcesBuildPhase section */
		40A194ED1B71E0E1008D6AB7 /* Sources */ = {
			isa = PBXSourcesBuildPhase;
			buildActionMask = 2147483647;
			files = (
				40A1951C1B71FAE9008D6AB7 /* User.m in Sources */,
				40A194FD1B71E0E1008D6AB7 /* ViewController.m in Sources */,
				40A194FA1B71E0E1008D6AB7 /* AppDelegate.m in Sources */,
				40A194F71B71E0E1008D6AB7 /* main.m in Sources */,
			);
			runOnlyForDeploymentPostprocessing = 0;
		};
		40A195061B71E0E2008D6AB7 /* Sources */ = {
			isa = PBXSourcesBuildPhase;
			buildActionMask = 2147483647;
			files = (
				40A195111B71E0E2008D6AB7 /* ZHTCTests.m in Sources */,
			);
			runOnlyForDeploymentPostprocessing = 0;
		};
/* End PBXSourcesBuildPhase section */

/* Begin PBXTargetDependency section */
		40A1950C1B71E0E2008D6AB7 /* PBXTargetDependency */ = {
			isa = PBXTargetDependency;
			target = 40A194F01B71E0E1008D6AB7 /* ZHTC */;
			targetProxy = 40A1950B1B71E0E2008D6AB7 /* PBXContainerItemProxy */;
		};
/* End PBXTargetDependency section */

/* Begin PBXVariantGroup section */
		40A194FE1B71E0E1008D6AB7 /* Main.storyboard */ = {
			isa = PBXVariantGroup;
			children = (
				40A194FF1B71E0E1008D6AB7 /* Base */,
			);
			name = Main.storyboard;
			sourceTree = "<group>";
		};
		40A195031B71E0E1008D6AB7 /* LaunchScreen.xib */ = {
			isa = PBXVariantGroup;
			children = (
				40A195041B71E0E1008D6AB7 /* Base */,
			);
			name = LaunchScreen.xib;
			sourceTree = "<group>";
		};
/* End PBXVariantGroup section */

/* Begin XCBuildConfiguration section */
		40A195121B71E0E2008D6AB7 /* Debug */ = {
			isa = XCBuildConfiguration;
			buildSettings = {
				ALWAYS_SEARCH_USER_PATHS = NO;
				CLANG_CXX_LANGUAGE_STANDARD = "gnu++0x";
				CLANG_CXX_LIBRARY = "libc++";
				CLANG_ENABLE_MODULES = YES;
				CLANG_ENABLE_OBJC_ARC = YES;
				CLANG_WARN_BOOL_CONVERSION = YES;
				CLANG_WARN_CONSTANT_CONVERSION = YES;
				CLANG_WARN_DIRECT_OBJC_ISA_USAGE = YES_ERROR;
				CLANG_WARN_EMPTY_BODY = YES;
				CLANG_WARN_ENUM_CONVERSION = YES;
				CLANG_WARN_INT_CONVERSION = YES;
				CLANG_WARN_OBJC_ROOT_CLASS = YES_ERROR;
				CLANG_WARN_UNREACHABLE_CODE = YES;
				CLANG_WARN__DUPLICATE_METHOD_MATCH = YES;
				"CODE_SIGN_IDENTITY[sdk=iphoneos*]" = "iPhone Developer";
				COPY_PHASE_STRIP = NO;
				DEBUG_INFORMATION_FORMAT = "dwarf-with-dsym";
				ENABLE_STRICT_OBJC_MSGSEND = YES;
				GCC_C_LANGUAGE_STANDARD = gnu99;
				GCC_DYNAMIC_NO_PIC = NO;
				GCC_NO_COMMON_BLOCKS = YES;
				GCC_OPTIMIZATION_LEVEL = 0;
				GCC_PREPROCESSOR_DEFINITIONS = (
					"DEBUG=1",
					"$(inherited)",
				);
				GCC_SYMBOLS_PRIVATE_EXTERN = NO;
				GCC_WARN_64_TO_32_BIT_CONVERSION = YES;
				GCC_WARN_ABOUT_RETURN_TYPE = YES_ERROR;
				GCC_WARN_UNDECLARED_SELECTOR = YES;
				GCC_WARN_UNINITIALIZED_AUTOS = YES_AGGRESSIVE;
				GCC_WARN_UNUSED_FUNCTION = YES;
				GCC_WARN_UNUSED_VARIABLE = YES;
				IPHONEOS_DEPLOYMENT_TARGET = 8.4;
				MTL_ENABLE_DEBUG_INFO = YES;
				ONLY_ACTIVE_ARCH = YES;
				SDKROOT = iphoneos;
				TARGETED_DEVICE_FAMILY = "1,2";
			};
			name = Debug;
		};
		40A195131B71E0E2008D6AB7 /* Release */ = {
			isa = XCBuildConfiguration;
			buildSettings = {
				ALWAYS_SEARCH_USER_PATHS = NO;
				CLANG_CXX_LANGUAGE_STANDARD = "gnu++0x";
				CLANG_CXX_LIBRARY = "libc++";
				CLANG_ENABLE_MODULES = YES;
				CLANG_ENABLE_OBJC_ARC = YES;
				CLANG_WARN_BOOL_CONVERSION = YES;
				CLANG_WARN_CONSTANT_CONVERSION = YES;
				CLANG_WARN_DIRECT_OBJC_ISA_USAGE = YES_ERROR;
				CLANG_WARN_EMPTY_BODY = YES;
				CLANG_WARN_ENUM_CONVERSION = YES;
				CLANG_WARN_INT_CONVERSION = YES;
				CLANG_WARN_OBJC_ROOT_CLASS = YES_ERROR;
				CLANG_WARN_UNREACHABLE_CODE = YES;
				CLANG_WARN__DUPLICATE_METHOD_MATCH = YES;
				"CODE_SIGN_IDENTITY[sdk=iphoneos*]" = "iPhone Developer";
				COPY_PHASE_STRIP = NO;
				DEBUG_INFORMATION_FORMAT = "dwarf-with-dsym";
				ENABLE_NS_ASSERTIONS = NO;
				ENABLE_STRICT_OBJC_MSGSEND = YES;
				GCC_C_LANGUAGE_STANDARD = gnu99;
				GCC_NO_COMMON_BLOCKS = YES;
				GCC_WARN_64_TO_32_BIT_CONVERSION = YES;
				GCC_WARN_ABOUT_RETURN_TYPE = YES_ERROR;
				GCC_WARN_UNDECLARED_SELECTOR = YES;
				GCC_WARN_UNINITIALIZED_AUTOS = YES_AGGRESSIVE;
				GCC_WARN_UNUSED_FUNCTION = YES;
				GCC_WARN_UNUSED_VARIABLE = YES;
				IPHONEOS_DEPLOYMENT_TARGET = 8.4;
				MTL_ENABLE_DEBUG_INFO = NO;
				SDKROOT = iphoneos;
				TARGETED_DEVICE_FAMILY = "1,2";
				VALIDATE_PRODUCT = YES;
			};
			name = Release;
		};
		40A195151B71E0E2008D6AB7 /* Debug */ = {
			isa = XCBuildConfiguration;
			buildSettings = {
				ASSETCATALOG_COMPILER_APPICON_NAME = AppIcon;
				INFOPLIST_FILE = ZHTC/Info.plist;
				LD_RUNPATH_SEARCH_PATHS = "$(inherited) @executable_path/Frameworks";
				PRODUCT_NAME = "$(TARGET_NAME)";
			};
			name = Debug;
		};
		40A195161B71E0E2008D6AB7 /* Release */ = {
			isa = XCBuildConfiguration;
			buildSettings = {
				ASSETCATALOG_COMPILER_APPICON_NAME = AppIcon;
				INFOPLIST_FILE = ZHTC/Info.plist;
				LD_RUNPATH_SEARCH_PATHS = "$(inherited) @executable_path/Frameworks";
				PRODUCT_NAME = "$(TARGET_NAME)";
			};
			name = Release;
		};
		40A195181B71E0E2008D6AB7 /* Debug */ = {
			isa = XCBuildConfiguration;
			buildSettings = {
				BUNDLE_LOADER = "$(TEST_HOST)";
				FRAMEWORK_SEARCH_PATHS = (
					"$(SDKROOT)/Developer/Library/Frameworks",
					"$(inherited)",
				);
				GCC_PREPROCESSOR_DEFINITIONS = (
					"DEBUG=1",
					"$(inherited)",
				);
				INFOPLIST_FILE = ZHTCTests/Info.plist;
				LD_RUNPATH_SEARCH_PATHS = "$(inherited) @executable_path/Frameworks @loader_path/Frameworks";
				PRODUCT_NAME = "$(TARGET_NAME)";
				TEST_HOST = "$(BUILT_PRODUCTS_DIR)/ZHTC.app/ZHTC";
			};
			name = Debug;
		};
		40A195191B71E0E2008D6AB7 /* Release */ = {
			isa = XCBuildConfiguration;
			buildSettings = {
				BUNDLE_LOADER = "$(TEST_HOST)";
				FRAMEWORK_SEARCH_PATHS = (
					"$(SDKROOT)/Developer/Library/Frameworks",
					"$(inherited)",
				);
				INFOPLIST_FILE = ZHTCTests/Info.plist;
				LD_RUNPATH_SEARCH_PATHS = "$(inherited) @executable_path/Frameworks @loader_path/Frameworks";
				PRODUCT_NAME = "$(TARGET_NAME)";
				TEST_HOST = "$(BUILT_PRODUCTS_DIR)/ZHTC.app/ZHTC";
			};
			name = Release;
		};
/* End XCBuildConfiguration section */

/* Begin XCConfigurationList section */
		40A194EC1B71E0E1008D6AB7 /* Build configuration list for PBXProject "ZHTC" */ = {
			isa = XCConfigurationList;
			buildConfigurations = (
				40A195121B71E0E2008D6AB7 /* Debug */,
				40A195131B71E0E2008D6AB7 /* Release */,
			);
			defaultConfigurationIsVisible = 0;
			defaultConfigurationName = Release;
		};
		40A195141B71E0E2008D6AB7 /* Build configuration list for PBXNativeTarget "ZHTC" */ = {
			isa = XCConfigurationList;
			buildConfigurations = (
				40A195151B71E0E2008D6AB7 /* Debug */,
				40A195161B71E0E2008D6AB7 /* Release */,
			);
			defaultConfigurationIsVisible = 0;
		};
		40A195171B71E0E2008D6AB7 /* Build configuration list for PBXNativeTarget "ZHTCTests" */ = {
			isa = XCConfigurationList;
			buildConfigurations = (
				40A195181B71E0E2008D6AB7 /* Debug */,
				40A195191B71E0E2008D6AB7 /* Release */,
			);
			defaultConfigurationIsVisible = 0;
		};
/* End XCConfigurationList section */
	};
	rootObject = 40A194E91B71E0E1008D6AB7 /* Project object */;
}
